{
  "requires": true,
  "lockfileVersion": 1,
  "dependencies": {
    "simple-jscalendar": {
      "version": "1.4.4",
      "resolved": "https://registry.npmjs.org/simple-jscalendar/-/simple-jscalendar-1.4.4.tgz",
      "integrity": "sha512-zklWoLDtFfxzV1U2F3QttgDiIi4gDDl+rcwQDacWDPDFYtVK28HbR4MWI+Pz2qUWFvytn7rLwd0xmPJOMWxPYw=="
    }
  }
}
